
Microsoft Visual Studio Solution File, Format Version 12.00
# Visual Studio Version 16
VisualStudioVersion = 16.0.29806.167
MinimumVisualStudioVersion = 10.0.40219.1
Project("{FAE04EC0-301F-11D3-BF4B-00C04F79EFBC}") = "MapEtNote.Android", "MapEtNote\MapEtNote.Android\MapEtNote.Android.csproj", "{286A9DE3-0B80-48AD-98D9-D58B5793BF1D}"
EndProject
Project("{FAE04EC0-301F-11D3-BF4B-00C04F79EFBC}") = "MapEtNote.iOS", "MapEtNote\MapEtNote.iOS\MapEtNote.iOS.csproj", "{720EC512-36D4-48F9-AD54-C91F8C033BB0}"
EndProject
Project("{FAE04EC0-301F-11D3-BF4B-00C04F79EFBC}") = "MapEtNote", "MapEtNote\MapEtNote\MapEtNote.csproj", "{26C67778-6B91-43CA-AC5C-7C4964608E8D}"
EndProject
Global
	GlobalSection(SolutionConfigurationPlatforms) = preSolution
		Debug|Any CPU = Debug|Any CPU
		Debug|iPhone = Debug|iPhone
		Debug|iPhoneSimulator = Debug|iPhoneSimulator
		Release|Any CPU = Release|Any CPU
		Release|iPhone = Release|iPhone
		Release|iPhoneSimulator = Release|iPhoneSimulator
	EndGlobalSection
	GlobalSection(ProjectConfigurationPlatforms) = postSolution
		{286A9DE3-0B80-48AD-98D9-D58B5793BF1D}.Debug|Any CPU.ActiveCfg = Debug|Any CPU
		{286A9DE3-0B80-48AD-98D9-D58B5793BF1D}.Debug|Any CPU.Build.0 = Debug|Any CPU
		{286A9DE3-0B80-48AD-98D9-D58B5793BF1D}.Debug|Any CPU.Deploy.0 = Debug|Any CPU
		{286A9DE3-0B80-48AD-98D9-D58B5793BF1D}.Debug|iPhone.ActiveCfg = Debug|Any CPU
		{286A9DE3-0B80-48AD-98D9-D58B5793BF1D}.Debug|iPhone.Build.0 = Debug|Any CPU
		{286A9DE3-0B80-48AD-98D9-D58B5793BF1D}.Debug|iPhone.Deploy.0 = Debug|Any CPU
		{286A9DE3-0B80-48AD-98D9-D58B5793BF1D}.Debug|iPhoneSimulator.ActiveCfg = Debug|Any CPU
		{286A9DE3-0B80-48AD-98D9-D58B5793BF1D}.Debug|iPhoneSimulator.Build.0 = Debug|Any CPU
		{286A9DE3-0B80-48AD-98D9-D58B5793BF1D}.Debug|iPhoneSimulator.Deploy.0 = Debug|Any CPU
		{286A9DE3-0B80-48AD-98D9-D58B5793BF1D}.Release|Any CPU.ActiveCfg = Release|Any CPU
		{286A9DE3-0B80-48AD-98D9-D58B5793BF1D}.Release|Any CPU.Build.0 = Release|Any CPU
		{286A9DE3-0B80-48AD-98D9-D58B5793BF1D}.Release|Any CPU.Deploy.0 = Release|Any CPU
		{286A9DE3-0B80-48AD-98D9-D58B5793BF1D}.Release|iPhone.ActiveCfg = Release|Any CPU
		{286A9DE3-0B80-48AD-98D9-D58B5793BF1D}.Release|iPhone.Build.0 = Release|Any CPU
		{286A9DE3-0B80-48AD-98D9-D58B5793BF1D}.Release|iPhone.Deploy.0 = Release|Any CPU
		{286A9DE3-0B80-48AD-98D9-D58B5793BF1D}.Release|iPhoneSimulator.ActiveCfg = Release|Any CPU
		{286A9DE3-0B80-48AD-98D9-D58B5793BF1D}.Release|iPhoneSimulator.Build.0 = Release|Any CPU
		{286A9DE3-0B80-48AD-98D9-D58B5793BF1D}.Release|iPhoneSimulator.Deploy.0 = Release|Any CPU
		{720EC512-36D4-48F9-AD54-C91F8C033BB0}.Debug|Any CPU.ActiveCfg = Debug|iPhoneSimulator
		{720EC512-36D4-48F9-AD54-C91F8C033BB0}.Debug|Any CPU.Build.0 = Debug|iPhoneSimulator
		{720EC512-36D4-48F9-AD54-C91F8C033BB0}.Debug|Any CPU.Deploy.0 = Debug|iPhoneSimulator
		{720EC512-36D4-48F9-AD54-C91F8C033BB0}.Debug|iPhone.ActiveCfg = Debug|iPhone
		{720EC512-36D4-48F9-AD54-C91F8C033BB0}.Debug|iPhone.Build.0 = Debug|iPhone
		{720EC512-36D4-48F9-AD54-C91F8C033BB0}.Debug|iPhone.Deploy.0 = Debug|iPhone
		{720EC512-36D4-48F9-AD54-C91F8C033BB0}.Debug|iPhoneSimulator.ActiveCfg = Debug|iPhoneSimulator
		{720EC512-36D4-48F9-AD54-C91F8C033BB0}.Debug|iPhoneSimulator.Build.0 = Debug|iPhoneSimulator
		{720EC512-36D4-48F9-AD54-C91F8C033BB0}.Debug|iPhoneSimulator.Deploy.0 = Debug|iPhoneSimulator
		{720EC512-36D4-48F9-AD54-C91F8C033BB0}.Release|Any CPU.ActiveCfg = Release|iPhone
		{720EC512-36D4-48F9-AD54-C91F8C033BB0}.Release|Any CPU.Build.0 = Release|iPhone
		{720EC512-36D4-48F9-AD54-C91F8C033BB0}.Release|Any CPU.Deploy.0 = Release|iPhone
		{720EC512-36D4-48F9-AD54-C91F8C033BB0}.Release|iPhone.ActiveCfg = Release|iPhone
		{720EC512-36D4-48F9-AD54-C91F8C033BB0}.Release|iPhone.Build.0 = Release|iPhone
		{720EC512-36D4-48F9-AD54-C91F8C033BB0}.Release|iPhone.Deploy.0 = Release|iPhone
		{720EC512-36D4-48F9-AD54-C91F8C033BB0}.Release|iPhoneSimulator.ActiveCfg = Release|iPhoneSimulator
		{720EC512-36D4-48F9-AD54-C91F8C033BB0}.Release|iPhoneSimulator.Build.0 = Release|iPhoneSimulator
		{720EC512-36D4-48F9-AD54-C91F8C033BB0}.Release|iPhoneSimulator.Deploy.0 = Release|iPhoneSimulator
		{26C67778-6B91-43CA-AC5C-7C4964608E8D}.Debug|Any CPU.ActiveCfg = Debug|Any CPU
		{26C67778-6B91-43CA-AC5C-7C4964608E8D}.Debug|Any CPU.Build.0 = Debug|Any CPU
		{26C67778-6B91-43CA-AC5C-7C4964608E8D}.Debug|Any CPU.Deploy.0 = Debug|Any CPU
		{26C67778-6B91-43CA-AC5C-7C4964608E8D}.Debug|iPhone.ActiveCfg = Debug|Any CPU
		{26C67778-6B91-43CA-AC5C-7C4964608E8D}.Debug|iPhone.Build.0 = Debug|Any CPU
		{26C67778-6B91-43CA-AC5C-7C4964608E8D}.Debug|iPhone.Deploy.0 = Debug|Any CPU
		{26C67778-6B91-43CA-AC5C-7C4964608E8D}.Debug|iPhoneSimulator.ActiveCfg = Debug|Any CPU
		{26C67778-6B91-43CA-AC5C-7C4964608E8D}.Debug|iPhoneSimulator.Build.0 = Debug|Any CPU
		{26C67778-6B91-43CA-AC5C-7C4964608E8D}.Debug|iPhoneSimulator.Deploy.0 = Debug|Any CPU
		{26C67778-6B91-43CA-AC5C-7C4964608E8D}.Release|Any CPU.ActiveCfg = Release|Any CPU
		{26C67778-6B91-43CA-AC5C-7C4964608E8D}.Release|Any CPU.Build.0 = Release|Any CPU
		{26C67778-6B91-43CA-AC5C-7C4964608E8D}.Release|Any CPU.Deploy.0 = Release|Any CPU
		{26C67778-6B91-43CA-AC5C-7C4964608E8D}.Release|iPhone.ActiveCfg = Release|Any CPU
		{26C67778-6B91-43CA-AC5C-7C4964608E8D}.Release|iPhone.Build.0 = Release|Any CPU
		{26C67778-6B91-43CA-AC5C-7C4964608E8D}.Release|iPhone.Deploy.0 = Release|Any CPU
		{26C67778-6B91-43CA-AC5C-7C4964608E8D}.Release|iPhoneSimulator.ActiveCfg = Release|Any CPU
		{26C67778-6B91-43CA-AC5C-7C4964608E8D}.Release|iPhoneSimulator.Build.0 = Release|Any CPU
		{26C67778-6B91-43CA-AC5C-7C4964608E8D}.Release|iPhoneSimulator.Deploy.0 = Release|Any CPU
	EndGlobalSection
	GlobalSection(SolutionProperties) = preSolution
		HideSolutionNode = FALSE
	EndGlobalSection
	GlobalSection(ExtensibilityGlobals) = postSolution
		SolutionGuid = {8F7A4521-26E5-4B74-81E9-BEF9081F7467}
	EndGlobalSection
EndGlobal
